
Microsoft Visual Studio Solution File, Format Version 12.00
# Visual Studio Version 16
VisualStudioVersion = 16.0.30804.86
MinimumVisualStudioVersion = 10.0.40219.1
Project("{9A19103F-16F7-4668-BE54-9A1E7A4F7556}") = "ESMS.Data", "ESMS.Data\ESMS.Data.csproj", "{74FA7580-F834-44B2-8412-F43C37B983B1}"
EndProject
Project("{9A19103F-16F7-4668-BE54-9A1E7A4F7556}") = "ESMS.BackendAPI", "ESMS.BackendAPI\ESMS.BackendAPI.csproj", "{89EABEED-4830-49AF-AA37-D0A0A89259BE}"
EndProject
Project("{FAE04EC0-301F-11D3-BF4B-00C04F79EFBC}") = "ESMS.UnitTest", "ESMS.UnitTest\ESMS.UnitTest.csproj", "{154D599B-697C-4269-8694-B4E1A9A0457C}"
EndProject
Global
	GlobalSection(SolutionConfigurationPlatforms) = preSolution
		Debug|Any CPU = Debug|Any CPU
		Release|Any CPU = Release|Any CPU
	EndGlobalSection
	GlobalSection(ProjectConfigurationPlatforms) = postSolution
		{74FA7580-F834-44B2-8412-F43C37B983B1}.Debug|Any CPU.ActiveCfg = Debug|Any CPU
		{74FA7580-F834-44B2-8412-F43C37B983B1}.Debug|Any CPU.Build.0 = Debug|Any CPU
		{74FA7580-F834-44B2-8412-F43C37B983B1}.Release|Any CPU.ActiveCfg = Release|Any CPU
		{74FA7580-F834-44B2-8412-F43C37B983B1}.Release|Any CPU.Build.0 = Release|Any CPU
		{89EABEED-4830-49AF-AA37-D0A0A89259BE}.Debug|Any CPU.ActiveCfg = Debug|Any CPU
		{89EABEED-4830-49AF-AA37-D0A0A89259BE}.Debug|Any CPU.Build.0 = Debug|Any CPU
		{89EABEED-4830-49AF-AA37-D0A0A89259BE}.Release|Any CPU.ActiveCfg = Release|Any CPU
		{89EABEED-4830-49AF-AA37-D0A0A89259BE}.Release|Any CPU.Build.0 = Release|Any CPU
		{154D599B-697C-4269-8694-B4E1A9A0457C}.Debug|Any CPU.ActiveCfg = Debug|Any CPU
		{154D599B-697C-4269-8694-B4E1A9A0457C}.Debug|Any CPU.Build.0 = Debug|Any CPU
		{154D599B-697C-4269-8694-B4E1A9A0457C}.Release|Any CPU.ActiveCfg = Release|Any CPU
		{154D599B-697C-4269-8694-B4E1A9A0457C}.Release|Any CPU.Build.0 = Release|Any CPU
	EndGlobalSection
	GlobalSection(SolutionProperties) = preSolution
		HideSolutionNode = FALSE
	EndGlobalSection
	GlobalSection(ExtensibilityGlobals) = postSolution
		SolutionGuid = {92BD24DE-5C23-4234-8E8A-F657D870A7F3}
	EndGlobalSection
EndGlobal
